# THIS IS AN AUTOGENERATED FILE. DO NOT EDIT THIS FILE DIRECTLY.
# yarn lockfile v1


"@iiif/presentation-3@^2.0.5":
  version "2.0.5"
  resolved "https://registry.yarnpkg.com/@iiif/presentation-3/-/presentation-3-2.0.5.tgz#04c0c980ba586881984ed9433375d207f9af52ad"
  integrity sha512-Iy5erfTKs1zOjwq8WiTmOeP5ZmrBFVVzBXMbKIIdv38ci1loeAR9fboncncPW7ZPqXUqeCMkjFGnP/HL22TggA==
  dependencies:
    "@types/geojson" "^7946.0.10"

"@types/geojson@^7946.0.10":
  version "7946.0.11"
  resolved "https://registry.yarnpkg.com/@types/geojson/-/geojson-7946.0.11.tgz#012c17cb2256ad8de78560da851ab914a7b9b40e"
  integrity sha512-L7A0AINMXQpVwxHJ4jxD6/XjZ4NDufaRlUJHjNIFKYUFBH1SvOW+neaqb0VTRSLW5suSrSu19ObFEFnfNcr+qg==

iiif-hss@^0.0.9:
  version "0.0.9"
  resolved "https://registry.yarnpkg.com/iiif-hss/-/iiif-hss-0.0.9.tgz#97cb682578d6311adfe1c609305421f8a083fc3e"
  integrity sha512-R42PQFSSPY11IrEQQAJwuzjsGt1lNQUUof7g1Hnozr1kOioPSLOAoyHhFiNXkeYCaA1lPhsVHPgIy0LI1GEtJw==
  optionalDependencies:
    "@iiif/presentation-3" "^2.0.5"
