# THIS IS AN AUTOGENERATED FILE. DO NOT EDIT THIS FILE DIRECTLY.
# yarn lockfile v1


iiif-hss@^0.0.4:
  version "0.0.4"
  resolved "https://registry.yarnpkg.com/iiif-hss/-/iiif-hss-0.0.4.tgz#c9f38325834b4724ffc1906026dcb83e8c9267a6"
  integrity sha512-zTCLQoeXwziDvUScXEeb7uerJ8en6v1TQilCE9hYHRU2btWbtu5qu/wFV2mxgAaeLBIvCuN0z/K6MRXnJDIQBA==
